
Microsoft Visual Studio Solution File, Format Version 12.00
# Visual Studio 2013
VisualStudioVersion = 12.0.21005.1
MinimumVisualStudioVersion = 10.0.40219.1
Project("{8BC9CEB8-8B4A-11D0-8D11-00A0C91BC942}") = "BatteryManage2", "BatteryManage2\BatteryManage2.vcxproj", "{9B30C426-4E27-4020-A287-E65A24F1A139}"
EndProject
Project("{8BC9CEB8-8B4A-11D0-8D11-00A0C91BC942}") = "IE", "IE\IE.vcxproj", "{AF5AE73A-CFDA-499C-A5C6-EB1CEE8A40EF}"
EndProject
Project("{8BC9CEB8-8B4A-11D0-8D11-00A0C91BC942}") = "BatteryManage", "BatteryManage\BatteryManage.vcxproj", "{493781EF-AB0C-46B0-A6E7-65B6E2719188}"
EndProject
Project("{2150E333-8FDC-42A3-9474-1A3956D46DE8}") = "Solution Items", "Solution Items", "{6499F45B-697B-4C15-B6A3-79B0F81A1928}"
	ProjectSection(SolutionItems) = preProject
		Textcgh.txt = Textcgh.txt
	EndProjectSection
EndProject
Project("{8BC9CEB8-8B4A-11D0-8D11-00A0C91BC942}") = "TestTeechart", "TestTeechart\TestTeechart.vcxproj", "{A113CAE5-96CD-4D0F-8E74-ADD08ED82AAF}"
EndProject
Project("{8BC9CEB8-8B4A-11D0-8D11-00A0C91BC942}") = "TestDevice", "TestDevice\TestDevice.vcxproj", "{981F6B7A-0CEC-4216-971F-DA2DDFED32B5}"
EndProject
Project("{8BC9CEB8-8B4A-11D0-8D11-00A0C91BC942}") = "GridControl0010", "GridControl0010\GridControl0010.vcxproj", "{704816A8-9E15-4C10-8508-8806AA71F424}"
EndProject
Project("{8BC9CEB8-8B4A-11D0-8D11-00A0C91BC942}") = "TestIni", "TestIni\TestIni.vcxproj", "{F1E71485-B289-4118-A9E4-51C02C1062E7}"
EndProject
Project("{8BC9CEB8-8B4A-11D0-8D11-00A0C91BC942}") = "TestEqual", "TestEqual\TestEqual.vcxproj", "{3E1BC9A4-79A2-4AB4-97DD-37AF88A8C933}"
EndProject
Global
	GlobalSection(SolutionConfigurationPlatforms) = preSolution
		Debug|Win32 = Debug|Win32
		Release|Win32 = Release|Win32
	EndGlobalSection
	GlobalSection(ProjectConfigurationPlatforms) = postSolution
		{9B30C426-4E27-4020-A287-E65A24F1A139}.Debug|Win32.ActiveCfg = Debug|Win32
		{9B30C426-4E27-4020-A287-E65A24F1A139}.Debug|Win32.Build.0 = Debug|Win32
		{9B30C426-4E27-4020-A287-E65A24F1A139}.Release|Win32.ActiveCfg = Release|Win32
		{9B30C426-4E27-4020-A287-E65A24F1A139}.Release|Win32.Build.0 = Release|Win32
		{AF5AE73A-CFDA-499C-A5C6-EB1CEE8A40EF}.Debug|Win32.ActiveCfg = Debug|Win32
		{AF5AE73A-CFDA-499C-A5C6-EB1CEE8A40EF}.Debug|Win32.Build.0 = Debug|Win32
		{AF5AE73A-CFDA-499C-A5C6-EB1CEE8A40EF}.Release|Win32.ActiveCfg = Release|Win32
		{AF5AE73A-CFDA-499C-A5C6-EB1CEE8A40EF}.Release|Win32.Build.0 = Release|Win32
		{493781EF-AB0C-46B0-A6E7-65B6E2719188}.Debug|Win32.ActiveCfg = Debug|Win32
		{493781EF-AB0C-46B0-A6E7-65B6E2719188}.Debug|Win32.Build.0 = Debug|Win32
		{493781EF-AB0C-46B0-A6E7-65B6E2719188}.Release|Win32.ActiveCfg = Release|Win32
		{493781EF-AB0C-46B0-A6E7-65B6E2719188}.Release|Win32.Build.0 = Release|Win32
		{A113CAE5-96CD-4D0F-8E74-ADD08ED82AAF}.Debug|Win32.ActiveCfg = Debug|Win32
		{A113CAE5-96CD-4D0F-8E74-ADD08ED82AAF}.Debug|Win32.Build.0 = Debug|Win32
		{A113CAE5-96CD-4D0F-8E74-ADD08ED82AAF}.Release|Win32.ActiveCfg = Release|Win32
		{A113CAE5-96CD-4D0F-8E74-ADD08ED82AAF}.Release|Win32.Build.0 = Release|Win32
		{981F6B7A-0CEC-4216-971F-DA2DDFED32B5}.Debug|Win32.ActiveCfg = Debug|Win32
		{981F6B7A-0CEC-4216-971F-DA2DDFED32B5}.Debug|Win32.Build.0 = Debug|Win32
		{981F6B7A-0CEC-4216-971F-DA2DDFED32B5}.Release|Win32.ActiveCfg = Release|Win32
		{981F6B7A-0CEC-4216-971F-DA2DDFED32B5}.Release|Win32.Build.0 = Release|Win32
		{704816A8-9E15-4C10-8508-8806AA71F424}.Debug|Win32.ActiveCfg = Debug|Win32
		{704816A8-9E15-4C10-8508-8806AA71F424}.Debug|Win32.Build.0 = Debug|Win32
		{704816A8-9E15-4C10-8508-8806AA71F424}.Release|Win32.ActiveCfg = Release|Win32
		{704816A8-9E15-4C10-8508-8806AA71F424}.Release|Win32.Build.0 = Release|Win32
		{F1E71485-B289-4118-A9E4-51C02C1062E7}.Debug|Win32.ActiveCfg = Debug|Win32
		{F1E71485-B289-4118-A9E4-51C02C1062E7}.Debug|Win32.Build.0 = Debug|Win32
		{F1E71485-B289-4118-A9E4-51C02C1062E7}.Release|Win32.ActiveCfg = Release|Win32
		{F1E71485-B289-4118-A9E4-51C02C1062E7}.Release|Win32.Build.0 = Release|Win32
		{3E1BC9A4-79A2-4AB4-97DD-37AF88A8C933}.Debug|Win32.ActiveCfg = Debug|Win32
		{3E1BC9A4-79A2-4AB4-97DD-37AF88A8C933}.Debug|Win32.Build.0 = Debug|Win32
		{3E1BC9A4-79A2-4AB4-97DD-37AF88A8C933}.Release|Win32.ActiveCfg = Release|Win32
		{3E1BC9A4-79A2-4AB4-97DD-37AF88A8C933}.Release|Win32.Build.0 = Release|Win32
	EndGlobalSection
	GlobalSection(SolutionProperties) = preSolution
		HideSolutionNode = FALSE
	EndGlobalSection
EndGlobal
